Microsoft Visual Studio Solution File, Format Version 12.00
# Visual Studio 15
VisualStudioVersion = 15.0.28307.757
MinimumVisualStudioVersion = 10.0.40219.1
Project("{FAE04EC0-301F-11D3-BF4B-00C04F79EFBC}") = "RefactoringToPatterns.Tests", "RefactoringToPatterns.Tests\RefactoringToPatterns.Tests.csproj", "{6E49F4DC-8D6A-4DED-970C-D9C4DDD43A40}"
EndProject
Project("{FAE04EC0-301F-11D3-BF4B-00C04F79EFBC}") = "ReplaceConstructorsWithCreationMethods", "ReplaceConstructorsWithCreationMethods\ReplaceConstructorsWithCreationMethods.csproj", "{62ECDEAE-B8A4-4CD1-ACF5-E11965928B4B}"
EndProject
Project("{FAE04EC0-301F-11D3-BF4B-00C04F79EFBC}") = "ChainConstructors", "ChainConstructors\ChainConstructors.csproj", "{1CB60E44-2BCF-426A-9A1C-64598F2BF93E}"
EndProject
Project("{FAE04EC0-301F-11D3-BF4B-00C04F79EFBC}") = "EncapsulateClassesWithFactory", "EncapsulateClassesWithFactory\EncapsulateClassesWithFactory.csproj", "{F2D41130-D1A6-4F83-8408-F02D6AAF279C}"
EndProject
Project("{FAE04EC0-301F-11D3-BF4B-00C04F79EFBC}") = "PolymorphicCreationWithFactoryMethod", "PolymorphicCreationWithFactoryMethod\PolymorphicCreationWithFactoryMethod.csproj", "{632ABCBD-B56E-427B-B00B-ECFCEFFEF0D5}"
EndProject
Project("{FAE04EC0-301F-11D3-BF4B-00C04F79EFBC}") = "ReplaceConditionalLogicWithStrategy", "ReplaceConditionalLogicWithStrategy\ReplaceConditionalLogicWithStrategy.csproj", "{ABA760CB-DC75-4C05-9CD7-DE2D19B5E64F}"
EndProject
Project("{FAE04EC0-301F-11D3-BF4B-00C04F79EFBC}") = "FormTemplateMethod", "FormTemplateMethod\FormTemplateMethod.csproj", "{F1231A49-7229-47D8-B19F-197683E3A829}"
EndProject
Project("{FAE04EC0-301F-11D3-BF4B-00C04F79EFBC}") = "ComposeMethod", "ComposeMethod\ComposeMethod.csproj", "{DB582B2C-1FED-426E-8DBC-9618ECA07843}"
EndProject
Project("{FAE04EC0-301F-11D3-BF4B-00C04F79EFBC}") = "ReplaceImplicitTreeWithComposite", "ReplaceImplicitTreeWithComposite\ReplaceImplicitTreeWithComposite.csproj", "{DA8504D9-4160-43FB-AEE5-E6DDC9368A91}"
EndProject
Project("{FAE04EC0-301F-11D3-BF4B-00C04F79EFBC}") = "EncapsulateCompositeWithBuilder", "EncapsulateCompositeWithBuilder\EncapsulateCompositeWithBuilder.csproj", "{9CA5D6B8-43D4-4325-9E7D-BF7E1E2D4C51}"
EndProject
Project("{FAE04EC0-301F-11D3-BF4B-00C04F79EFBC}") = "ReplaceStateAlteringConditionalsWithState", "ReplaceStateAlteringConditionalsWithState\ReplaceStateAlteringConditionalsWithState.csproj", "{B700330A-E5EC-498F-9DD4-91D7E91A1ACB}"
EndProject
Project("{2150E333-8FDC-42A3-9474-1A3956D46DE8}") = "1. Creation", "1. Creation", "{83C1172F-5B4E-4A6F-8C2C-C13A33D65DF4}"
EndProject
Project("{2150E333-8FDC-42A3-9474-1A3956D46DE8}") = "2. Simplification", "2. Simplification", "{60DFBAAB-344B-48A5-B8BE-BFB97B84E99E}"
EndProject
Project("{2150E333-8FDC-42A3-9474-1A3956D46DE8}") = "Tests", "Tests", "{A1DB1D18-E90C-40A7-8261-D8AB56DEC26C}"
EndProject
Project("{FAE04EC0-301F-11D3-BF4B-00C04F79EFBC}") = "ReplaceConditionalDispatcherWithCommand", "ReplaceConditionalDispatcherWithCommand\ReplaceConditionalDispatcherWithCommand.csproj", "{96516522-0320-4359-95DB-335D974C5C5E}"
EndProject
Project("{2150E333-8FDC-42A3-9474-1A3956D46DE8}") = "3. Generalization", "3. Generalization", "{DBE0B587-7773-4878-9FFE-B39FC05F8768}"
EndProject
Project("{FAE04EC0-301F-11D3-BF4B-00C04F79EFBC}") = "ExtractComposite", "ExtractComposite\ExtractComposite.csproj", "{DC947B9A-6B06-436C-9EBA-5A90EDB04F10}"
EndProject
Project("{FAE04EC0-301F-11D3-BF4B-00C04F79EFBC}") = "ReplaceOneOrManyDistinctionsWithComposite", "ReplaceOneOrManyDistinctionsWithComposite\ReplaceOneOrManyDistinctionsWithComposite.csproj", "{900D3DD6-EF55-48D8-983B-76D1795BF5CC}"
EndProject
Project("{FAE04EC0-301F-11D3-BF4B-00C04F79EFBC}") = "ReplaceHardCodedNotificationsWithObserver", "ReplaceHardCodedNotificationsWithObserver\ReplaceHardCodedNotificationsWithObserver.csproj", "{124069F8-C60B-4FE3-B0EB-D88354544153}"
EndProject
Project("{FAE04EC0-301F-11D3-BF4B-00C04F79EFBC}") = "UnifyInterfacesWithAdapter", "UnifyInterfacesWithAdapter\UnifyInterfacesWithAdapter.csproj", "{886B2076-AC8F-437B-AB74-52B52F3AFED0}"
EndProject
Project("{FAE04EC0-301F-11D3-BF4B-00C04F79EFBC}") = "ExtractAdapter", "ExtractAdapter\ExtractAdapter.csproj", "{90D4B2C2-952A-478A-B578-354AB90BD691}"
EndProject
Project("{FAE04EC0-301F-11D3-BF4B-00C04F79EFBC}") = "ReplaceImplicitLanguageWithInterpreter", "ReplaceImplicitLanguageWithInterpreter\ReplaceImplicitLanguageWithInterpreter.csproj", "{248DED6B-506A-4D74-A186-12E80417F47E}"
EndProject
Project("{2150E333-8FDC-42A3-9474-1A3956D46DE8}") = "4. Protection", "4. Protection", "{0E0C30E9-C615-4C16-8896-7C56D30711A8}"
EndProject
Project("{FAE04EC0-301F-11D3-BF4B-00C04F79EFBC}") = "ReplaceTypeCodeWithClass", "ReplaceTypeCodeWithClass\ReplaceTypeCodeWithClass.csproj", "{75C46763-7F3A-46BE-83E3-3B3246EFD7BD}"
EndProject
Project("{FAE04EC0-301F-11D3-BF4B-00C04F79EFBC}") = "LimitInstantiationWithSingleton", "LimitInstantiationWithSingleton\LimitInstantiationWithSingleton.csproj", "{F7676DCA-8748-4007-B621-794C3E084AC6}"
EndProject
Project("{FAE04EC0-301F-11D3-BF4B-00C04F79EFBC}") = "IntroduceNullObject", "IntroduceNullObject\IntroduceNullObject.csproj", "{E792A108-4DFF-4E07-968C-2E9D58121DAD}"
EndProject
Project("{2150E333-8FDC-42A3-9474-1A3956D46DE8}") = "5. Accumulation", "5. Accumulation", "{2741E094-EEBA-44DF-85E8-AE77C29477C5}"
EndProject
Project("{FAE04EC0-301F-11D3-BF4B-00C04F79EFBC}") = "MoveAccumulationToCollectingParameter", "MoveAccumulationToCollectingParameter\MoveAccumulationToCollectingParameter.csproj", "{6E2AA022-0DB9-4F2B-B592-6ABEBCDC405D}"
EndProject
Project("{FAE04EC0-301F-11D3-BF4B-00C04F79EFBC}") = "MoveAccumulationToVisitor", "MoveAccumulationToVisitor\MoveAccumulationToVisitor.csproj", "{AAC691B5-6CE1-4797-BCB4-6ECA1841D8A0}"
EndProject
Global
	GlobalSection(SolutionConfigurationPlatforms) = preSolution
		Debug|Any CPU = Debug|Any CPU
		Release|Any CPU = Release|Any CPU
	EndGlobalSection
	GlobalSection(ProjectConfigurationPlatforms) = postSolution
		{6E49F4DC-8D6A-4DED-970C-D9C4DDD43A40}.Debug|Any CPU.ActiveCfg = Debug|Any CPU
		{6E49F4DC-8D6A-4DED-970C-D9C4DDD43A40}.Debug|Any CPU.Build.0 = Debug|Any CPU
		{6E49F4DC-8D6A-4DED-970C-D9C4DDD43A40}.Release|Any CPU.ActiveCfg = Release|Any CPU
		{6E49F4DC-8D6A-4DED-970C-D9C4DDD43A40}.Release|Any CPU.Build.0 = Release|Any CPU
		{62ECDEAE-B8A4-4CD1-ACF5-E11965928B4B}.Debug|Any CPU.ActiveCfg = Debug|Any CPU
		{62ECDEAE-B8A4-4CD1-ACF5-E11965928B4B}.Debug|Any CPU.Build.0 = Debug|Any CPU
		{62ECDEAE-B8A4-4CD1-ACF5-E11965928B4B}.Release|Any CPU.ActiveCfg = Release|Any CPU
		{62ECDEAE-B8A4-4CD1-ACF5-E11965928B4B}.Release|Any CPU.Build.0 = Release|Any CPU
		{1CB60E44-2BCF-426A-9A1C-64598F2BF93E}.Debug|Any CPU.ActiveCfg = Debug|Any CPU
		{1CB60E44-2BCF-426A-9A1C-64598F2BF93E}.Debug|Any CPU.Build.0 = Debug|Any CPU
		{1CB60E44-2BCF-426A-9A1C-64598F2BF93E}.Release|Any CPU.ActiveCfg = Release|Any CPU
		{1CB60E44-2BCF-426A-9A1C-64598F2BF93E}.Release|Any CPU.Build.0 = Release|Any CPU
		{F2D41130-D1A6-4F83-8408-F02D6AAF279C}.Debug|Any CPU.ActiveCfg = Debug|Any CPU
		{F2D41130-D1A6-4F83-8408-F02D6AAF279C}.Debug|Any CPU.Build.0 = Debug|Any CPU
		{F2D41130-D1A6-4F83-8408-F02D6AAF279C}.Release|Any CPU.ActiveCfg = Release|Any CPU
		{F2D41130-D1A6-4F83-8408-F02D6AAF279C}.Release|Any CPU.Build.0 = Release|Any CPU
		{632ABCBD-B56E-427B-B00B-ECFCEFFEF0D5}.Debug|Any CPU.ActiveCfg = Debug|Any CPU
		{632ABCBD-B56E-427B-B00B-ECFCEFFEF0D5}.Debug|Any CPU.Build.0 = Debug|Any CPU
		{632ABCBD-B56E-427B-B00B-ECFCEFFEF0D5}.Release|Any CPU.ActiveCfg = Release|Any CPU
		{632ABCBD-B56E-427B-B00B-ECFCEFFEF0D5}.Release|Any CPU.Build.0 = Release|Any CPU
		{ABA760CB-DC75-4C05-9CD7-DE2D19B5E64F}.Debug|Any CPU.ActiveCfg = Debug|Any CPU
		{ABA760CB-DC75-4C05-9CD7-DE2D19B5E64F}.Debug|Any CPU.Build.0 = Debug|Any CPU
		{ABA760CB-DC75-4C05-9CD7-DE2D19B5E64F}.Release|Any CPU.ActiveCfg = Release|Any CPU
		{ABA760CB-DC75-4C05-9CD7-DE2D19B5E64F}.Release|Any CPU.Build.0 = Release|Any CPU
		{F1231A49-7229-47D8-B19F-197683E3A829}.Debug|Any CPU.ActiveCfg = Debug|Any CPU
		{F1231A49-7229-47D8-B19F-197683E3A829}.Debug|Any CPU.Build.0 = Debug|Any CPU
		{F1231A49-7229-47D8-B19F-197683E3A829}.Release|Any CPU.ActiveCfg = Release|Any CPU
		{F1231A49-7229-47D8-B19F-197683E3A829}.Release|Any CPU.Build.0 = Release|Any CPU
		{DB582B2C-1FED-426E-8DBC-9618ECA07843}.Debug|Any CPU.ActiveCfg = Debug|Any CPU
		{DB582B2C-1FED-426E-8DBC-9618ECA07843}.Debug|Any CPU.Build.0 = Debug|Any CPU
		{DB582B2C-1FED-426E-8DBC-9618ECA07843}.Release|Any CPU.ActiveCfg = Release|Any CPU
		{DB582B2C-1FED-426E-8DBC-9618ECA07843}.Release|Any CPU.Build.0 = Release|Any CPU
		{DA8504D9-4160-43FB-AEE5-E6DDC9368A91}.Debug|Any CPU.ActiveCfg = Debug|Any CPU
		{DA8504D9-4160-43FB-AEE5-E6DDC9368A91}.Debug|Any CPU.Build.0 = Debug|Any CPU
		{DA8504D9-4160-43FB-AEE5-E6DDC9368A91}.Release|Any CPU.ActiveCfg = Release|Any CPU
		{DA8504D9-4160-43FB-AEE5-E6DDC9368A91}.Release|Any CPU.Build.0 = Release|Any CPU
		{9CA5D6B8-43D4-4325-9E7D-BF7E1E2D4C51}.Debug|Any CPU.ActiveCfg = Debug|Any CPU
		{9CA5D6B8-43D4-4325-9E7D-BF7E1E2D4C51}.Debug|Any CPU.Build.0 = Debug|Any CPU
		{9CA5D6B8-43D4-4325-9E7D-BF7E1E2D4C51}.Release|Any CPU.ActiveCfg = Release|Any CPU
		{9CA5D6B8-43D4-4325-9E7D-BF7E1E2D4C51}.Release|Any CPU.Build.0 = Release|Any CPU
		{B700330A-E5EC-498F-9DD4-91D7E91A1ACB}.Debug|Any CPU.ActiveCfg = Debug|Any CPU
		{B700330A-E5EC-498F-9DD4-91D7E91A1ACB}.Debug|Any CPU.Build.0 = Debug|Any CPU
		{B700330A-E5EC-498F-9DD4-91D7E91A1ACB}.Release|Any CPU.ActiveCfg = Release|Any CPU
		{B700330A-E5EC-498F-9DD4-91D7E91A1ACB}.Release|Any CPU.Build.0 = Release|Any CPU
		{96516522-0320-4359-95DB-335D974C5C5E}.Debug|Any CPU.ActiveCfg = Debug|Any CPU
		{96516522-0320-4359-95DB-335D974C5C5E}.Debug|Any CPU.Build.0 = Debug|Any CPU
		{96516522-0320-4359-95DB-335D974C5C5E}.Release|Any CPU.ActiveCfg = Release|Any CPU
		{96516522-0320-4359-95DB-335D974C5C5E}.Release|Any CPU.Build.0 = Release|Any CPU
		{DC947B9A-6B06-436C-9EBA-5A90EDB04F10}.Debug|Any CPU.ActiveCfg = Debug|Any CPU
		{DC947B9A-6B06-436C-9EBA-5A90EDB04F10}.Debug|Any CPU.Build.0 = Debug|Any CPU
		{DC947B9A-6B06-436C-9EBA-5A90EDB04F10}.Release|Any CPU.ActiveCfg = Release|Any CPU
		{DC947B9A-6B06-436C-9EBA-5A90EDB04F10}.Release|Any CPU.Build.0 = Release|Any CPU
		{900D3DD6-EF55-48D8-983B-76D1795BF5CC}.Debug|Any CPU.ActiveCfg = Debug|Any CPU
		{900D3DD6-EF55-48D8-983B-76D1795BF5CC}.Debug|Any CPU.Build.0 = Debug|Any CPU
		{900D3DD6-EF55-48D8-983B-76D1795BF5CC}.Release|Any CPU.ActiveCfg = Release|Any CPU
		{900D3DD6-EF55-48D8-983B-76D1795BF5CC}.Release|Any CPU.Build.0 = Release|Any CPU
		{124069F8-C60B-4FE3-B0EB-D88354544153}.Debug|Any CPU.ActiveCfg = Debug|Any CPU
		{124069F8-C60B-4FE3-B0EB-D88354544153}.Debug|Any CPU.Build.0 = Debug|Any CPU
		{124069F8-C60B-4FE3-B0EB-D88354544153}.Release|Any CPU.ActiveCfg = Release|Any CPU
		{124069F8-C60B-4FE3-B0EB-D88354544153}.Release|Any CPU.Build.0 = Release|Any CPU
		{886B2076-AC8F-437B-AB74-52B52F3AFED0}.Debug|Any CPU.ActiveCfg = Debug|Any CPU
		{886B2076-AC8F-437B-AB74-52B52F3AFED0}.Debug|Any CPU.Build.0 = Debug|Any CPU
		{886B2076-AC8F-437B-AB74-52B52F3AFED0}.Release|Any CPU.ActiveCfg = Release|Any CPU
		{886B2076-AC8F-437B-AB74-52B52F3AFED0}.Release|Any CPU.Build.0 = Release|Any CPU
		{90D4B2C2-952A-478A-B578-354AB90BD691}.Debug|Any CPU.ActiveCfg = Debug|Any CPU
		{90D4B2C2-952A-478A-B578-354AB90BD691}.Debug|Any CPU.Build.0 = Debug|Any CPU
		{90D4B2C2-952A-478A-B578-354AB90BD691}.Release|Any CPU.ActiveCfg = Release|Any CPU
		{90D4B2C2-952A-478A-B578-354AB90BD691}.Release|Any CPU.Build.0 = Release|Any CPU
		{248DED6B-506A-4D74-A186-12E80417F47E}.Debug|Any CPU.ActiveCfg = Debug|Any CPU
		{248DED6B-506A-4D74-A186-12E80417F47E}.Debug|Any CPU.Build.0 = Debug|Any CPU
		{248DED6B-506A-4D74-A186-12E80417F47E}.Release|Any CPU.ActiveCfg = Release|Any CPU
		{248DED6B-506A-4D74-A186-12E80417F47E}.Release|Any CPU.Build.0 = Release|Any CPU
		{75C46763-7F3A-46BE-83E3-3B3246EFD7BD}.Debug|Any CPU.ActiveCfg = Debug|Any CPU
		{75C46763-7F3A-46BE-83E3-3B3246EFD7BD}.Debug|Any CPU.Build.0 = Debug|Any CPU
		{75C46763-7F3A-46BE-83E3-3B3246EFD7BD}.Release|Any CPU.ActiveCfg = Release|Any CPU
		{75C46763-7F3A-46BE-83E3-3B3246EFD7BD}.Release|Any CPU.Build.0 = Release|Any CPU
		{F7676DCA-8748-4007-B621-794C3E084AC6}.Debug|Any CPU.ActiveCfg = Debug|Any CPU
		{F7676DCA-8748-4007-B621-794C3E084AC6}.Debug|Any CPU.Build.0 = Debug|Any CPU
		{F7676DCA-8748-4007-B621-794C3E084AC6}.Release|Any CPU.ActiveCfg = Release|Any CPU
		{F7676DCA-8748-4007-B621-794C3E084AC6}.Release|Any CPU.Build.0 = Release|Any CPU
		{E792A108-4DFF-4E07-968C-2E9D58121DAD}.Debug|Any CPU.ActiveCfg = Debug|Any CPU
		{E792A108-4DFF-4E07-968C-2E9D58121DAD}.Debug|Any CPU.Build.0 = Debug|Any CPU
		{E792A108-4DFF-4E07-968C-2E9D58121DAD}.Release|Any CPU.ActiveCfg = Release|Any CPU
		{E792A108-4DFF-4E07-968C-2E9D58121DAD}.Release|Any CPU.Build.0 = Release|Any CPU
		{6E2AA022-0DB9-4F2B-B592-6ABEBCDC405D}.Debug|Any CPU.ActiveCfg = Debug|Any CPU
		{6E2AA022-0DB9-4F2B-B592-6ABEBCDC405D}.Debug|Any CPU.Build.0 = Debug|Any CPU
		{6E2AA022-0DB9-4F2B-B592-6ABEBCDC405D}.Release|Any CPU.ActiveCfg = Release|Any CPU
		{6E2AA022-0DB9-4F2B-B592-6ABEBCDC405D}.Release|Any CPU.Build.0 = Release|Any CPU
		{AAC691B5-6CE1-4797-BCB4-6ECA1841D8A0}.Debug|Any CPU.ActiveCfg = Debug|Any CPU
		{AAC691B5-6CE1-4797-BCB4-6ECA1841D8A0}.Debug|Any CPU.Build.0 = Debug|Any CPU
		{AAC691B5-6CE1-4797-BCB4-6ECA1841D8A0}.Release|Any CPU.ActiveCfg = Release|Any CPU
		{AAC691B5-6CE1-4797-BCB4-6ECA1841D8A0}.Release|Any CPU.Build.0 = Release|Any CPU
	EndGlobalSection
	GlobalSection(SolutionProperties) = preSolution
		HideSolutionNode = FALSE
	EndGlobalSection
	GlobalSection(NestedProjects) = preSolution
		{6E49F4DC-8D6A-4DED-970C-D9C4DDD43A40} = {A1DB1D18-E90C-40A7-8261-D8AB56DEC26C}
		{62ECDEAE-B8A4-4CD1-ACF5-E11965928B4B} = {83C1172F-5B4E-4A6F-8C2C-C13A33D65DF4}
		{F2D41130-D1A6-4F83-8408-F02D6AAF279C} = {83C1172F-5B4E-4A6F-8C2C-C13A33D65DF4}
		{632ABCBD-B56E-427B-B00B-ECFCEFFEF0D5} = {83C1172F-5B4E-4A6F-8C2C-C13A33D65DF4}
		{ABA760CB-DC75-4C05-9CD7-DE2D19B5E64F} = {60DFBAAB-344B-48A5-B8BE-BFB97B84E99E}
		{F1231A49-7229-47D8-B19F-197683E3A829} = {DBE0B587-7773-4878-9FFE-B39FC05F8768}
		{DB582B2C-1FED-426E-8DBC-9618ECA07843} = {60DFBAAB-344B-48A5-B8BE-BFB97B84E99E}
		{DA8504D9-4160-43FB-AEE5-E6DDC9368A91} = {60DFBAAB-344B-48A5-B8BE-BFB97B84E99E}
		{9CA5D6B8-43D4-4325-9E7D-BF7E1E2D4C51} = {83C1172F-5B4E-4A6F-8C2C-C13A33D65DF4}
		{B700330A-E5EC-498F-9DD4-91D7E91A1ACB} = {60DFBAAB-344B-48A5-B8BE-BFB97B84E99E}
		{96516522-0320-4359-95DB-335D974C5C5E} = {60DFBAAB-344B-48A5-B8BE-BFB97B84E99E}
		{DC947B9A-6B06-436C-9EBA-5A90EDB04F10} = {DBE0B587-7773-4878-9FFE-B39FC05F8768}
		{900D3DD6-EF55-48D8-983B-76D1795BF5CC} = {DBE0B587-7773-4878-9FFE-B39FC05F8768}
		{124069F8-C60B-4FE3-B0EB-D88354544153} = {DBE0B587-7773-4878-9FFE-B39FC05F8768}
		{886B2076-AC8F-437B-AB74-52B52F3AFED0} = {DBE0B587-7773-4878-9FFE-B39FC05F8768}
		{90D4B2C2-952A-478A-B578-354AB90BD691} = {DBE0B587-7773-4878-9FFE-B39FC05F8768}
		{248DED6B-506A-4D74-A186-12E80417F47E} = {DBE0B587-7773-4878-9FFE-B39FC05F8768}
		{75C46763-7F3A-46BE-83E3-3B3246EFD7BD} = {0E0C30E9-C615-4C16-8896-7C56D30711A8}
		{F7676DCA-8748-4007-B621-794C3E084AC6} = {0E0C30E9-C615-4C16-8896-7C56D30711A8}
		{E792A108-4DFF-4E07-968C-2E9D58121DAD} = {0E0C30E9-C615-4C16-8896-7C56D30711A8}
		{6E2AA022-0DB9-4F2B-B592-6ABEBCDC405D} = {2741E094-EEBA-44DF-85E8-AE77C29477C5}
		{AAC691B5-6CE1-4797-BCB4-6ECA1841D8A0} = {2741E094-EEBA-44DF-85E8-AE77C29477C5}
	EndGlobalSection
	GlobalSection(ExtensibilityGlobals) = postSolution
		SolutionGuid = {4952AFDC-B206-4437-BD1E-71F61429B23B}
	EndGlobalSection
EndGlobal
